
Microsoft Visual Studio Solution File, Format Version 11.00
# Visual Studio 2010
Project("{FAE04EC0-301F-11D3-BF4B-00C04F79EFBC}") = "Assembly-CSharp", "Assembly-CSharp.csproj", "{dc49fe6b-b5b9-a353-d1b2-58dea2df6d37}"
EndProject
Project("{FAE04EC0-301F-11D3-BF4B-00C04F79EFBC}") = "Assembly-CSharp-firstpass", "Assembly-CSharp-firstpass.csproj", "{4ac530ff-3d7e-88ae-7747-b2a327edb7c3}"
EndProject
Project("{FAE04EC0-301F-11D3-BF4B-00C04F79EFBC}") = "Assembly-CSharp-Editor-firstpass", "Assembly-CSharp-Editor-firstpass.csproj", "{b30caf8c-aab5-bb71-6c94-fc3f5e930c66}"
EndProject
Project("{FAE04EC0-301F-11D3-BF4B-00C04F79EFBC}") = "Assembly-CSharp-Editor", "Assembly-CSharp-Editor.csproj", "{c91bc54d-a036-b9f9-b5ea-edfa5983158d}"
EndProject
Global
	GlobalSection(SolutionConfigurationPlatforms) = preSolution
		Debug|Any CPU = Debug|Any CPU
	EndGlobalSection
	GlobalSection(ProjectConfigurationPlatforms) = postSolution
		{dc49fe6b-b5b9-a353-d1b2-58dea2df6d37}.Debug|Any CPU.ActiveCfg = Debug|Any CPU
		{dc49fe6b-b5b9-a353-d1b2-58dea2df6d37}.Debug|Any CPU.Build.0 = Debug|Any CPU
		{4ac530ff-3d7e-88ae-7747-b2a327edb7c3}.Debug|Any CPU.ActiveCfg = Debug|Any CPU
		{4ac530ff-3d7e-88ae-7747-b2a327edb7c3}.Debug|Any CPU.Build.0 = Debug|Any CPU
		{b30caf8c-aab5-bb71-6c94-fc3f5e930c66}.Debug|Any CPU.ActiveCfg = Debug|Any CPU
		{b30caf8c-aab5-bb71-6c94-fc3f5e930c66}.Debug|Any CPU.Build.0 = Debug|Any CPU
		{c91bc54d-a036-b9f9-b5ea-edfa5983158d}.Debug|Any CPU.ActiveCfg = Debug|Any CPU
		{c91bc54d-a036-b9f9-b5ea-edfa5983158d}.Debug|Any CPU.Build.0 = Debug|Any CPU
	EndGlobalSection
	GlobalSection(SolutionProperties) = preSolution
		HideSolutionNode = FALSE
	EndGlobalSection
EndGlobal
